{
    "_meta": {
        "hash": {
            "sha256": "63cb6444775852344e39add3a2b37c9a73a472deae68c23feea5d58e85895009"
        },
        "pipfile-spec": 6,
        "requires": {
            "python_version": "3.9"
        },
        "sources": [
            {
                "name": "pypi",
                "url": "https://pypi.org/simple",
                "verify_ssl": true
            }
        ]
    },
    "default": {
        "asgiref": {
            "hashes": [
                "sha256:1d2880b792ae8757289136f1db2b7b99100ce959b2aa57fd69dab783d05afac4",
                "sha256:4a29362a6acebe09bf1d6640db38c1dc3d9217c68e6f9f6204d72667fc19a424"
            ],
            "markers": "python_version >= '3.7'",
            "version": "==3.5.2"
        },
        "crispy-bootstrap5": {
            "hashes": [
                "sha256:0745a67199619149b7feca87dab7a45664876ed50fb582b38fd2aeb3f8a8d869",
                "sha256:f3ff1ef5cb379fe80b1b02e245008f276444098a4bdb8d855bed84c623798a85"
            ],
            "index": "pypi",
            "version": "==0.7"
        },
        "django": {
            "hashes": [
                "sha256:26dc24f99c8956374a054bcbf58aab8dc0cad2e6ac82b0fe036b752c00eee793",
                "sha256:b8d843714810ab88d59344507d4447be8b2cf12a49031363b6eed9f1b9b2280f"
            ],
            "index": "pypi",
            "version": "==4.1.2"
        },
        "django-crispy-forms": {
            "hashes": [
                "sha256:35887b8851a931374dd697207a8f56c57a9c5cb9dbf0b9fa54314da5666cea5b",
                "sha256:bc4d2037f6de602d39c0bc452ac3029d1f5d65e88458872cc4dbc01c3a400604"
            ],
            "index": "pypi",
            "version": "==1.14.0"
        },
        "django-mathfilters": {
            "hashes": [
                "sha256:64200a21bb249fbf27be601d4bbb788779e09c6e063170c097cd82c4d18ebb83",
                "sha256:c9b892ef6dfc893683e75cfd0279c187a601ca68f4684c38f9da44657fb64b07"
            ],
            "index": "pypi",
            "version": "==1.0.0"
        },
        "gunicorn": {
            "hashes": [
                "sha256:9dcc4547dbb1cb284accfb15ab5667a0e5d1881cc443e0677b4882a4067a807e",
                "sha256:e0a968b5ba15f8a328fdfd7ab1fcb5af4470c28aaf7e55df02a99bc13138e6e8"
            ],
            "index": "pypi",
            "version": "==20.1.0"
        },
        "python-dotenv": {
            "hashes": [
                "sha256:1684eb44636dd462b66c3ee016599815514527ad99965de77f43e0944634a7e5",
                "sha256:b77d08274639e3d34145dfa6c7008e66df0f04b7be7a75fd0d5292c191d79045"
            ],
            "index": "pypi",
            "version": "==0.21.0"
        },
        "setuptools": {
            "hashes": [
                "sha256:512e5536220e38146176efb833d4a62aa726b7bbff82cfbc8ba9eaa3996e0b17",
                "sha256:f62ea9da9ed6289bfe868cd6845968a2c854d1427f8548d52cae02a42b4f0356"
            ],
            "markers": "python_version >= '3.7'",
            "version": "==65.5.0"
        },
        "sqlparse": {
            "hashes": [
                "sha256:0323c0ec29cd52bceabc1b4d9d579e311f3e4961b98d174201d5622a23b85e34",
                "sha256:69ca804846bb114d2ec380e4360a8a340db83f0ccf3afceeb1404df028f57268"
            ],
            "markers": "python_version >= '3.5'",
            "version": "==0.4.3"
        },
        "tzdata": {
            "hashes": [
                "sha256:323161b22b7802fdc78f20ca5f6073639c64f1a7227c40cd3e19fd1d0ce6650a",
                "sha256:e15b2b3005e2546108af42a0eb4ccab4d9e225e2dfbf4f77aad50c70a4b1f3ab"
            ],
            "markers": "sys_platform == 'win32'",
            "version": "==2022.5"
        },
        "whitenoise": {
            "hashes": [
                "sha256:15f43b2e701821b95c9016cf469d29e2a546cb1c7dead584ba82c36f843995cf",
                "sha256:9d81515f2b5b27051910996e1e860b1332e354d9e7bcf30c98f21dcb6713e0dd"
            ],
            "index": "pypi",
            "version": "==3.3.1"
        }
    },
    "develop": {}
}
